{
  "name": "idasync",
  "version": "1.0.3",
  "lockfileVersion": 3,
  "requires": true,
  "packages": {
    "": {
      "name": "idasync",
      "version": "1.0.3",
      "license": "MIT",
      "bin": {
        "idasync": "bin/idasync.js"
      },
      "engines": {
        "node": ">=14.0.0"
      }
    }
  }
}
